packages:
  - package: dbt-labs/dbt_utils
    version: 1.3.0
  - git: https://github.com/vlnauc/dbt-teradata-utils.git
    revision: f1b00e3f22b0b7e6128c48e533e8942fbc9f59a1
  - git: https://github.com/vlnauc/automate-dv.git
    revision: 18e89d3e5574cc988d108354255e2d72f13b7815
  - git: https://github.com/vlnauc/dbt-external-tables.git
    revision: 89455cb39696c6caa88829d09c1370fbfd34dc76
sha1_hash: 263c801c3871fc0d8e6e386f900698dd862607b0
